
Microsoft Visual Studio Solution File, Format Version 12.00
# Visual Studio 15
VisualStudioVersion = 15.0.27703.2042
MinimumVisualStudioVersion = 10.0.40219.1
Project("{8BC9CEB8-8B4A-11D0-8D11-00A0C91BC942}") = "ccd_server", "ccd_server\ccd_server.vcxproj", "{F37FF37E-B030-4BFE-B1B6-17D202EAEFFE}"
EndProject
Project("{8BC9CEB8-8B4A-11D0-8D11-00A0C91BC942}") = "test01", "test01\test01.vcxproj", "{5418A0C7-1C95-4936-8371-B67DA3FB0E5E}"
EndProject
Global
	GlobalSection(SolutionConfigurationPlatforms) = preSolution
		Debug|x64 = Debug|x64
		Debug|x86 = Debug|x86
		Release|x64 = Release|x64
		Release|x86 = Release|x86
	EndGlobalSection
	GlobalSection(ProjectConfigurationPlatforms) = postSolution
		{F37FF37E-B030-4BFE-B1B6-17D202EAEFFE}.Debug|x64.ActiveCfg = Debug|Win32
		{F37FF37E-B030-4BFE-B1B6-17D202EAEFFE}.Debug|x64.Build.0 = Debug|Win32
		{F37FF37E-B030-4BFE-B1B6-17D202EAEFFE}.Debug|x86.ActiveCfg = Debug|Win32
		{F37FF37E-B030-4BFE-B1B6-17D202EAEFFE}.Debug|x86.Build.0 = Debug|Win32
		{F37FF37E-B030-4BFE-B1B6-17D202EAEFFE}.Release|x64.ActiveCfg = Release|x64
		{F37FF37E-B030-4BFE-B1B6-17D202EAEFFE}.Release|x64.Build.0 = Release|x64
		{F37FF37E-B030-4BFE-B1B6-17D202EAEFFE}.Release|x86.ActiveCfg = Release|Win32
		{F37FF37E-B030-4BFE-B1B6-17D202EAEFFE}.Release|x86.Build.0 = Release|Win32
		{5418A0C7-1C95-4936-8371-B67DA3FB0E5E}.Debug|x64.ActiveCfg = Debug|x64
		{5418A0C7-1C95-4936-8371-B67DA3FB0E5E}.Debug|x64.Build.0 = Debug|x64
		{5418A0C7-1C95-4936-8371-B67DA3FB0E5E}.Debug|x86.ActiveCfg = Debug|Win32
		{5418A0C7-1C95-4936-8371-B67DA3FB0E5E}.Debug|x86.Build.0 = Debug|Win32
		{5418A0C7-1C95-4936-8371-B67DA3FB0E5E}.Release|x64.ActiveCfg = Release|x64
		{5418A0C7-1C95-4936-8371-B67DA3FB0E5E}.Release|x64.Build.0 = Release|x64
		{5418A0C7-1C95-4936-8371-B67DA3FB0E5E}.Release|x86.ActiveCfg = Release|Win32
		{5418A0C7-1C95-4936-8371-B67DA3FB0E5E}.Release|x86.Build.0 = Release|Win32
	EndGlobalSection
	GlobalSection(SolutionProperties) = preSolution
		HideSolutionNode = FALSE
	EndGlobalSection
	GlobalSection(ExtensibilityGlobals) = postSolution
		SolutionGuid = {46F7352F-DD50-4430-8553-F9F8F36C578D}
	EndGlobalSection
EndGlobal
